{"version":4,"terraform_version":"1.11.5","serial":27,"lineage":"585fd999-9973-ab03-c12a-b47e04cb08d5","outputs":{"instance_id":{"value":"i-0091c0b9480ad1957","type":"string"},"public_ip":{"value":"3.121.162.0","type":"string"}},"resources":[{"mode":"data","type":"aws_ami","name":"ubuntu","provider":"provider[\"registry.opentofu.org/hashicorp/aws\"]","instances":[{"schema_version":0,"attributes":{"allow_unsafe_filter":null,"architecture":"x86_64","arn":"arn:aws:ec2:eu-central-1::image/ami-03f92a7a8a26c81af","block_device_mappings":[{"device_name":"/dev/sda1","ebs":{"delete_on_termination":"true","encrypted":"false","iops":"0","snapshot_id":"snap-01175b31566c60a73","throughput":"0","volume_initialization_rate":"0","volume_size":"8","volume_type":"gp3"},"no_device":"","virtual_name":""},{"device_name":"/dev/sdb","ebs":{},"no_device":"","virtual_name":"ephemeral0"},{"device_name":"/dev/sdc","ebs":{},"no_device":"","virtual_name":"ephemeral1"}],"boot_mode":"uefi-preferred","creation_date":"2026-09-04T11:45:45.000Z","deprecation_time":"2028-09-04T11:45:45.000Z","description":"Canonical, Ubuntu, 24.04, amd64 noble image","ena_support":true,"executable_users":null,"filter":[{"name":"name","values":["ubuntu/images/hvm-ssd-gp3/ubuntu-noble-24.04-amd64-server-*"]}],"hypervisor":"xen","id":"ami-03f92a7a8a26c81af","image_id":"ami-03f92a7a8a26c81af","image_location":"amazon/ubuntu/images/hvm-ssd-gp3/ubuntu-noble-24.04-amd64-server-20260904","image_owner_alias":"amazon","image_type":"machine","imds_support":"v2.0","include_deprecated":false,"kernel_id":"","last_launched_time":"","most_recent":true,"name":"ubuntu/images/hvm-ssd-gp3/ubuntu-noble-24.04-amd64-server-20260904","name_regex":null,"owner_id":"099720109477","owners":["099720109477"],"platform":"","platform_details":"Linux/UNIX","product_codes":[],"public":true,"ramdisk_id":"","region":"eu-central-1","root_device_name":"/dev/sda1","root_device_type":"ebs","root_snapshot_id":"snap-01175b31566c60a73","sriov_net_support":"simple","state":"available","state_reason":{"code":"UNSET","message":"UNSET"},"tags":{},"timeouts":null,"tpm_support":"","uefi_data":null,"usage_operation":"RunInstances","virtualization_type":"hvm"},"sensitive_attributes":[]}]},{"mode":"managed","type":"aws_iam_instance_profile","name":"ec2_instance_profile","provider":"provider[\"registry.opentofu.org/hashicorp/aws\"]","instances":[{"schema_version":0,"attributes":{"arn":"arn:aws:iam::808122334604:instance-profile/EC2_SSM_Instance_Profile","create_date":"2026-09-10T22:23:00Z","id":"EC2_SSM_Instance_Profile","name":"EC2_SSM_Instance_Profile","name_prefix":"","path":"/","role":"static-site-EC2-SSM","tags":{},"tags_all":{"Environment":"dev","ManagedBy":"opentofu","Project":"static-site"},"unique_id":"AIPA3YJ6YHWGAXT2K7OC7"},"sensitive_attributes":[],"private":"bnVsbA==","dependencies":["aws_iam_role.ec2_role"]}]},{"mode":"managed","type":"aws_iam_role","name":"ec2_role","provider":"provider[\"registry.opentofu.org/hashicorp/aws\"]","instances":[{"schema_version":0,"attributes":{"arn":"arn:aws:iam::808122334604:role/static-site-EC2-SSM","assume_role_policy":"{\"Statement\":[{\"Action\":\"sts:AssumeRole\",\"Effect\":\"Allow\",\"Principal\":{\"Service\":\"ec2.amazonaws.com\"}}],\"Version\":\"2012-10-17\"}","create_date":"2026-09-10T22:23:00Z","description":"","force_detach_policies":false,"id":"static-site-EC2-SSM","inline_policy":[],"managed_policy_arns":["arn:aws:iam::aws:policy/AmazonSSMManagedInstanceCore"],"max_session_duration":3600,"name":"static-site-EC2-SSM","name_prefix":"","path":"/","permissions_boundary":"","tags":{},"tags_all":{"Environment":"dev","ManagedBy":"opentofu","Project":"static-site"},"unique_id":"AROA3YJ6YHWGDHOG7PAPN"},"sensitive_attributes":[],"private":"bnVsbA=="}]},{"mode":"managed","type":"aws_iam_role_policy_attachment","name":"ec2_role_policy","provider":"provider[\"registry.opentofu.org/hashicorp/aws\"]","instances":[{"schema_version":0,"attributes":{"id":"static-site-EC2-SSM/arn:aws:iam::aws:policy/AmazonSSMManagedInstanceCore","policy_arn":"arn:aws:iam::aws:policy/AmazonSSMManagedInstanceCore","role":"static-site-EC2-SSM"},"sensitive_attributes":[],"private":"bnVsbA==","dependencies":["aws_iam_role.ec2_role"]}]},{"mode":"managed","type":"aws_instance","name":"app_server","provider":"provider[\"registry.opentofu.org/hashicorp/aws\"]","instances":[{"schema_version":2,"attributes":{"ami":"ami-03f92a7a8a26c81af","arn":"arn:aws:ec2:eu-central-1:808122334604:instance/i-0091c0b9480ad1957","associate_public_ip_address":true,"availability_zone":"eu-central-1a","capacity_reservation_specification":[{"capacity_reservation_preference":"open","capacity_reservation_target":[]}],"cpu_options":[{"amd_sev_snp":"","core_count":1,"nested_virtualization":"","threads_per_core":2}],"credit_specification":[{"cpu_credits":"unlimited"}],"disable_api_stop":false,"disable_api_termination":false,"ebs_block_device":[],"ebs_optimized":false,"enable_primary_ipv6":null,"enclave_options":[{"enabled":false}],"ephemeral_block_device":[],"force_destroy":false,"get_password_data":false,"hibernation":false,"host_id":"","host_resource_group_arn":null,"iam_instance_profile":"EC2_SSM_Instance_Profile","id":"i-0091c0b9480ad1957","instance_initiated_shutdown_behavior":"stop","instance_lifecycle":"","instance_market_options":[],"instance_state":"running","instance_type":"t3.micro","ipv6_address_count":0,"ipv6_addresses":[],"key_name":"","launch_template":[],"maintenance_options":[{"auto_recovery":"default"}],"metadata_options":[{"http_endpoint":"enabled","http_protocol_ipv6":"disabled","http_put_response_hop_limit":2,"http_tokens":"required","instance_metadata_tags":"disabled"}],"monitoring":false,"network_interface":[],"outpost_arn":"","password_data":"","placement_group":"","placement_group_id":"","placement_partition_number":0,"primary_network_interface":[{"delete_on_termination":true,"network_interface_id":"eni-0fab208aa702748e5"}],"primary_network_interface_id":"eni-0fab208aa702748e5","private_dns":"ip-10-0-1-197.eu-central-1.compute.internal","private_dns_name_options":[{"enable_resource_name_dns_a_record":false,"enable_resource_name_dns_aaaa_record":false,"hostname_type":"ip-name"}],"private_ip":"10.0.1.197","public_dns":"","public_ip":"3.121.162.0","region":"eu-central-1","root_block_device":[{"delete_on_termination":true,"device_name":"/dev/sda1","encrypted":false,"iops":3000,"kms_key_id":"","tags":{"Environment":"dev","ManagedBy":"opentofu","Project":"static-site"},"tags_all":{"Environment":"dev","ManagedBy":"opentofu","Project":"static-site"},"throughput":125,"volume_id":"vol-0b9e0bd4f184b5e1d","volume_size":8,"volume_type":"gp3"}],"secondary_network_interface":[],"secondary_private_ips":[],"security_groups":[],"source_dest_check":true,"spot_instance_request_id":"","subnet_id":"subnet-02761d2b05812778c","tags":{"Name":"static-site-ec2"},"tags_all":{"Environment":"dev","ManagedBy":"opentofu","Name":"static-site-ec2","Project":"static-site"},"tenancy":"default","timeouts":null,"user_data":null,"user_data_base64":null,"user_data_replace_on_change":false,"volume_tags":null,"vpc_security_group_ids":["sg-0fc99d76cb6858123"]},"sensitive_attributes":[],"private":"eyJlMmJmYjczMC1lY2FhLTExZTYtOGY4OC0zNDM2M2JjN2M0YzAiOnsiY3JlYXRlIjo2MDAwMDAwMDAwMDAsImRlbGV0ZSI6MTIwMDAwMDAwMDAwMCwicmVhZCI6OTAwMDAwMDAwMDAwLCJ1cGRhdGUiOjYwMDAwMDAwMDAwMH0sInNjaGVtYV92ZXJzaW9uIjoiMiJ9","dependencies":["aws_iam_instance_profile.ec2_instance_profile","aws_iam_role.ec2_role","aws_security_group.instance_security_group","aws_subnet.public_subnet","aws_vpc.vpc","data.aws_ami.ubuntu"]}]},{"mode":"managed","type":"aws_internet_gateway","name":"gw","provider":"provider[\"registry.opentofu.org/hashicorp/aws\"]","instances":[{"schema_version":0,"attributes":{"arn":"arn:aws:ec2:eu-central-1:808122334604:internet-gateway/igw-041b3a400a638619e","id":"igw-041b3a400a638619e","owner_id":"808122334604","region":"eu-central-1","tags":{"Name":"static-site-igw"},"tags_all":{"Environment":"dev","ManagedBy":"opentofu","Name":"static-site-igw","Project":"static-site"},"timeouts":null,"vpc_id":"vpc-03481b364992f6d95"},"sensitive_attributes":[],"private":"eyJlMmJmYjczMC1lY2FhLTExZTYtOGY4OC0zNDM2M2JjN2M0YzAiOnsiY3JlYXRlIjoxMjAwMDAwMDAwMDAwLCJkZWxldGUiOjEyMDAwMDAwMDAwMDAsInVwZGF0ZSI6MTIwMDAwMDAwMDAwMH19","dependencies":["aws_vpc.vpc"]}]},{"mode":"managed","type":"aws_route_table","name":"public_route_table","provider":"provider[\"registry.opentofu.org/hashicorp/aws\"]","instances":[{"schema_version":0,"attributes":{"arn":"arn:aws:ec2:eu-central-1:808122334604:route-table/rtb-0c658b5a68fe78e28","id":"rtb-0c658b5a68fe78e28","owner_id":"808122334604","propagating_vgws":[],"region":"eu-central-1","route":[{"carrier_gateway_id":"","cidr_block":"0.0.0.0/0","core_network_arn":"","destination_prefix_list_id":"","egress_only_gateway_id":"","gateway_id":"igw-041b3a400a638619e","ipv6_cidr_block":"","local_gateway_id":"","nat_gateway_id":"","network_interface_id":"","odb_network_arn":"","transit_gateway_id":"","vpc_endpoint_id":"","vpc_peering_connection_id":""}],"tags":{"Name":"static-site-route-table"},"tags_all":{"Environment":"dev","ManagedBy":"opentofu","Name":"static-site-route-table","Project":"static-site"},"timeouts":null,"vpc_id":"vpc-03481b364992f6d95"},"sensitive_attributes":[],"private":"eyJlMmJmYjczMC1lY2FhLTExZTYtOGY4OC0zNDM2M2JjN2M0YzAiOnsiY3JlYXRlIjozMDAwMDAwMDAwMDAsImRlbGV0ZSI6MzAwMDAwMDAwMDAwLCJ1cGRhdGUiOjEyMDAwMDAwMDAwMH19","dependencies":["aws_internet_gateway.gw","aws_vpc.vpc"]}]},{"mode":"managed","type":"aws_route_table_association","name":"public_route_table_association","provider":"provider[\"registry.opentofu.org/hashicorp/aws\"]","instances":[{"schema_version":0,"attributes":{"gateway_id":"","id":"rtbassoc-00faabfd620f27dc0","region":"eu-central-1","route_table_id":"rtb-0c658b5a68fe78e28","subnet_id":"subnet-02761d2b05812778c","timeouts":null},"sensitive_attributes":[],"private":"eyJlMmJmYjczMC1lY2FhLTExZTYtOGY4OC0zNDM2M2JjN2M0YzAiOnsiY3JlYXRlIjozMDAwMDAwMDAwMDAsImRlbGV0ZSI6MzAwMDAwMDAwMDAwLCJ1cGRhdGUiOjEyMDAwMDAwMDAwMH19","dependencies":["aws_internet_gateway.gw","aws_route_table.public_route_table","aws_subnet.public_subnet","aws_vpc.vpc"]}]},{"mode":"managed","type":"aws_security_group","name":"instance_security_group","provider":"provider[\"registry.opentofu.org/hashicorp/aws\"]","instances":[{"schema_version":1,"attributes":{"arn":"arn:aws:ec2:eu-central-1:808122334604:security-group/sg-0fc99d76cb6858123","description":"static-site - security group for the EC2 instance","egress":[{"cidr_blocks":["0.0.0.0/0"],"description":"Allow all outbound IPv4","from_port":0,"ipv6_cidr_blocks":[],"prefix_list_ids":[],"protocol":"-1","security_groups":[],"self":false,"to_port":0}],"id":"sg-0fc99d76cb6858123","ingress":[{"cidr_blocks":["0.0.0.0/0"],"description":"HTTPS","from_port":443,"ipv6_cidr_blocks":[],"prefix_list_ids":[],"protocol":"tcp","security_groups":[],"self":false,"to_port":443}],"name":"instance-sg52e36cea6e537d58b50a9609cd","name_prefix":"instance-sg","owner_id":"808122334604","region":"eu-central-1","revoke_rules_on_delete":false,"tags":{"Name":"static-site-instance-sg"},"tags_all":{"Environment":"dev","ManagedBy":"opentofu","Name":"static-site-instance-sg","Project":"static-site"},"timeouts":null,"vpc_id":"vpc-03481b364992f6d95"},"sensitive_attributes":[],"private":"eyJlMmJmYjczMC1lY2FhLTExZTYtOGY4OC0zNDM2M2JjN2M0YzAiOnsiY3JlYXRlIjo2MDAwMDAwMDAwMDAsImRlbGV0ZSI6OTAwMDAwMDAwMDAwfSwic2NoZW1hX3ZlcnNpb24iOiIxIn0=","dependencies":["aws_vpc.vpc"],"create_before_destroy":true}]},{"mode":"managed","type":"aws_subnet","name":"public_subnet","provider":"provider[\"registry.opentofu.org/hashicorp/aws\"]","instances":[{"schema_version":1,"attributes":{"arn":"arn:aws:ec2:eu-central-1:808122334604:subnet/subnet-02761d2b05812778c","assign_ipv6_address_on_creation":false,"availability_zone":"eu-central-1a","availability_zone_id":"euc1-az2","cidr_block":"10.0.1.0/24","customer_owned_ipv4_pool":"","enable_dns64":false,"enable_lni_at_device_index":0,"enable_resource_name_dns_a_record_on_launch":false,"enable_resource_name_dns_aaaa_record_on_launch":false,"id":"subnet-02761d2b05812778c","ipv4_ipam_pool_id":null,"ipv4_netmask_length":null,"ipv6_cidr_block":"","ipv6_cidr_block_association_id":"","ipv6_ipam_pool_id":null,"ipv6_native":false,"ipv6_netmask_length":null,"map_customer_owned_ip_on_launch":false,"map_public_ip_on_launch":true,"outpost_arn":"","owner_id":"808122334604","private_dns_hostname_type_on_launch":"ip-name","region":"eu-central-1","tags":{"Name":"static-site-public-subnet1a"},"tags_all":{"Environment":"dev","ManagedBy":"opentofu","Name":"static-site-public-subnet1a","Project":"static-site"},"timeouts":null,"vpc_id":"vpc-03481b364992f6d95"},"sensitive_attributes":[],"private":"eyJlMmJmYjczMC1lY2FhLTExZTYtOGY4OC0zNDM2M2JjN2M0YzAiOnsiY3JlYXRlIjo2MDAwMDAwMDAwMDAsImRlbGV0ZSI6MTIwMDAwMDAwMDAwMH0sInNjaGVtYV92ZXJzaW9uIjoiMSJ9","dependencies":["aws_vpc.vpc"]}]},{"mode":"managed","type":"aws_vpc","name":"vpc","provider":"provider[\"registry.opentofu.org/hashicorp/aws\"]","instances":[{"schema_version":1,"attributes":{"arn":"arn:aws:ec2:eu-central-1:808122334604:vpc/vpc-03481b364992f6d95","assign_generated_ipv6_cidr_block":false,"cidr_block":"10.0.0.0/16","default_network_acl_id":"acl-02573e627faa31a76","default_route_table_id":"rtb-0f2de4e9fd0921900","default_security_group_id":"sg-0978e5b1218ada09f","dhcp_options_id":"dopt-085cd0e43ec68ca4c","enable_dns_hostnames":false,"enable_dns_support":true,"enable_network_address_usage_metrics":false,"id":"vpc-03481b364992f6d95","instance_tenancy":"default","ipv4_ipam_pool_id":null,"ipv4_netmask_length":null,"ipv6_association_id":"","ipv6_cidr_block":"","ipv6_cidr_block_network_border_group":"","ipv6_ipam_pool_id":"","ipv6_netmask_length":0,"main_route_table_id":"rtb-0f2de4e9fd0921900","owner_id":"808122334604","region":"eu-central-1","tags":{"Name":"static-site-vpc"},"tags_all":{"Environment":"dev","ManagedBy":"opentofu","Name":"static-site-vpc","Project":"static-site"}},"sensitive_attributes":[],"private":"eyJzY2hlbWFfdmVyc2lvbiI6IjEifQ==","create_before_destroy":true}]}],"check_results":null}
